
Microsoft Visual Studio Solution File, Format Version 12.00
# Visual Studio Version 16
VisualStudioVersion = 16.0.32901.82
MinimumVisualStudioVersion = 10.0.40219.1
Project("{FAE04EC0-301F-11D3-BF4B-00C04F79EFBC}") = "BitcoinPriceDashboard", "BitcoinPriceDashboard.csproj", "{3E352812-A5BC-4682-9D9E-73DD4D25C386}"
EndProject
Global
	GlobalSection(SolutionConfigurationPlatforms) = preSolution
		Debug|Any CPU = Debug|Any CPU
		Release|Any CPU = Release|Any CPU
	EndGlobalSection
	GlobalSection(ProjectConfigurationPlatforms) = postSolution
		{3E352812-A5BC-4682-9D9E-73DD4D25C386}.Debug|Any CPU.ActiveCfg = Debug|Any CPU
		{3E352812-A5BC-4682-9D9E-73DD4D25C386}.Debug|Any CPU.Build.0 = Debug|Any CPU
		{3E352812-A5BC-4682-9D9E-73DD4D25C386}.Release|Any CPU.ActiveCfg = Release|Any CPU
		{3E352812-A5BC-4682-9D9E-73DD4D25C386}.Release|Any CPU.Build.0 = Release|Any CPU
	EndGlobalSection
	GlobalSection(SolutionProperties) = preSolution
		HideSolutionNode = FALSE
	EndGlobalSection
	GlobalSection(ExtensibilityGlobals) = postSolution
		SolutionGuid = {EFC57DD2-3420-4423-90E6-5101D44471C7}
	EndGlobalSection
EndGlobal
